{
  "name": "swyft-functions",
  "version": "1.0.3",
  "lockfileVersion": 2,
  "requires": true,
  "packages": {
    "": {
      "name": "swyft-functions",
      "version": "1.0.3",
      "license": "ISC",
      "dependencies": {
        "sp-easyembed": "^1.1.1"
      }
    },
    "node_modules/sp-easyembed": {
      "version": "1.1.1",
      "resolved": "https://registry.npmjs.org/sp-easyembed/-/sp-easyembed-1.1.1.tgz",
      "integrity": "sha512-o/nroF7YSqlk3S2cG11dKxZnzK2ro46+H1cpaKCvLJV+P5l2EiuChdynWUvFkYKZrq+mMqvBz7tvULIHJsTCuA=="
    }
  },
  "dependencies": {
    "sp-easyembed": {
      "version": "1.1.1",
      "resolved": "https://registry.npmjs.org/sp-easyembed/-/sp-easyembed-1.1.1.tgz",
      "integrity": "sha512-o/nroF7YSqlk3S2cG11dKxZnzK2ro46+H1cpaKCvLJV+P5l2EiuChdynWUvFkYKZrq+mMqvBz7tvULIHJsTCuA=="
    }
  }
}
