{
  "name": "swyft-functions",
  "version": "1.0.7",
  "lockfileVersion": 2,
  "requires": true,
  "packages": {
    "": {
      "name": "swyft-functions",
      "version": "1.0.7",
      "license": "ISC",
      "dependencies": {
        "sp-easyembed": "^1.1.1"
      }
    },
    "node_modules/sp-easyembed": {
      "version": "1.1.2",
      "resolved": "https://registry.npmjs.org/sp-easyembed/-/sp-easyembed-1.1.2.tgz",
      "integrity": "sha512-w9zFYg39yFKufxmJJdOsiP+o7f5uV7lX+dW6elXrgo+wQ+ukfDpELL7zBVsfTNXp3XzcAtRL0yO5eXSJprn0Ow=="
    }
  },
  "dependencies": {
    "sp-easyembed": {
      "version": "1.1.2",
      "resolved": "https://registry.npmjs.org/sp-easyembed/-/sp-easyembed-1.1.2.tgz",
      "integrity": "sha512-w9zFYg39yFKufxmJJdOsiP+o7f5uV7lX+dW6elXrgo+wQ+ukfDpELL7zBVsfTNXp3XzcAtRL0yO5eXSJprn0Ow=="
    }
  }
}
